github.com/FortAwesome/Font-Awesome v0.0.0-20210316185733-d79d85c3fad8/go.mod h1:IUgezN/MFpCDIlFezw3L8j83oeiIuYoj28Miwr/KUYo=
github.com/UtkarshVerma/hugo-modules/svg-icon-system v0.0.0-20210620100732-97a218c88224 h1:ZAxyXvyFAlm5O7mkULFVwUO+akF/FnKoZHtWQJYkbLg=
github.com/UtkarshVerma/hugo-modules/svg-icon-system v0.0.0-20210620100732-97a218c88224/go.mod h1:sLt2pcoL3NavXRT1sOU8KKke9UcQsO3SYmobax6Fc+8=
